
Microsoft Visual Studio Solution File, Format Version 12.00
# Visual Studio Version 17
VisualStudioVersion = 17.8.34322.80
MinimumVisualStudioVersion = 10.0.40219.1
Project("{9A19103F-16F7-4668-BE54-9A1E7A4F7556}") = "Commons", "Commons\Commons.csproj", "{DE9D1F43-12A0-4B74-B631-E65B687AEB39}"
EndProject
Project("{9A19103F-16F7-4668-BE54-9A1E7A4F7556}") = "AOC2023TestProject", "Tests\AOC2023TestProject.csproj", "{D3B13418-6C7C-4095-A692-F5E680B09641}"
EndProject
Project("{9A19103F-16F7-4668-BE54-9A1E7A4F7556}") = "AOC2023Main", "AOC2023Main.csproj", "{32D0C60D-8676-40FB-B145-A4202BC5172C}"
EndProject
Global
	GlobalSection(SolutionConfigurationPlatforms) = preSolution
		Debug|Any CPU = Debug|Any CPU
		Release|Any CPU = Release|Any CPU
	EndGlobalSection
	GlobalSection(ProjectConfigurationPlatforms) = postSolution
		{DE9D1F43-12A0-4B74-B631-E65B687AEB39}.Debug|Any CPU.ActiveCfg = Debug|Any CPU
		{DE9D1F43-12A0-4B74-B631-E65B687AEB39}.Debug|Any CPU.Build.0 = Debug|Any CPU
		{DE9D1F43-12A0-4B74-B631-E65B687AEB39}.Release|Any CPU.ActiveCfg = Release|Any CPU
		{DE9D1F43-12A0-4B74-B631-E65B687AEB39}.Release|Any CPU.Build.0 = Release|Any CPU
		{D3B13418-6C7C-4095-A692-F5E680B09641}.Debug|Any CPU.ActiveCfg = Debug|Any CPU
		{D3B13418-6C7C-4095-A692-F5E680B09641}.Debug|Any CPU.Build.0 = Debug|Any CPU
		{D3B13418-6C7C-4095-A692-F5E680B09641}.Release|Any CPU.ActiveCfg = Release|Any CPU
		{D3B13418-6C7C-4095-A692-F5E680B09641}.Release|Any CPU.Build.0 = Release|Any CPU
		{32D0C60D-8676-40FB-B145-A4202BC5172C}.Debug|Any CPU.ActiveCfg = Debug|Any CPU
		{32D0C60D-8676-40FB-B145-A4202BC5172C}.Debug|Any CPU.Build.0 = Debug|Any CPU
		{32D0C60D-8676-40FB-B145-A4202BC5172C}.Release|Any CPU.ActiveCfg = Release|Any CPU
		{32D0C60D-8676-40FB-B145-A4202BC5172C}.Release|Any CPU.Build.0 = Release|Any CPU
	EndGlobalSection
	GlobalSection(SolutionProperties) = preSolution
		HideSolutionNode = FALSE
	EndGlobalSection
	GlobalSection(ExtensibilityGlobals) = postSolution
		SolutionGuid = {76C4721E-5F42-463A-BBCD-DD6C24610C0C}
	EndGlobalSection
EndGlobal
